
Microsoft Visual Studio Solution File, Format Version 12.00
# Visual Studio Version 17
VisualStudioVersion = 17.9.34728.123
MinimumVisualStudioVersion = 10.0.40219.1
Project("{FAE04EC0-301F-11D3-BF4B-00C04F79EFBC}") = "Nhóm1", "Nhóm1\Nhóm1.csproj", "{3AFD7541-9157-4DCB-87C5-2699DF238960}"
EndProject
Project("{FAE04EC0-301F-11D3-BF4B-00C04F79EFBC}") = "DataAccess", "DataAccess\DataAccess.csproj", "{FA53CD3C-E576-4CA1-ADBA-755F684FB3F2}"
EndProject
Project("{FAE04EC0-301F-11D3-BF4B-00C04F79EFBC}") = "BusinessLogic", "BusinessLogic\BusinessLogic.csproj", "{5EC6AE25-963B-4D4C-9C4D-04B0562874EC}"
EndProject
Global
	GlobalSection(SolutionConfigurationPlatforms) = preSolution
		Debug|Any CPU = Debug|Any CPU
		Release|Any CPU = Release|Any CPU
	EndGlobalSection
	GlobalSection(ProjectConfigurationPlatforms) = postSolution
		{3AFD7541-9157-4DCB-87C5-2699DF238960}.Debug|Any CPU.ActiveCfg = Debug|Any CPU
		{3AFD7541-9157-4DCB-87C5-2699DF238960}.Debug|Any CPU.Build.0 = Debug|Any CPU
		{3AFD7541-9157-4DCB-87C5-2699DF238960}.Release|Any CPU.ActiveCfg = Release|Any CPU
		{3AFD7541-9157-4DCB-87C5-2699DF238960}.Release|Any CPU.Build.0 = Release|Any CPU
		{FA53CD3C-E576-4CA1-ADBA-755F684FB3F2}.Debug|Any CPU.ActiveCfg = Debug|Any CPU
		{FA53CD3C-E576-4CA1-ADBA-755F684FB3F2}.Debug|Any CPU.Build.0 = Debug|Any CPU
		{FA53CD3C-E576-4CA1-ADBA-755F684FB3F2}.Release|Any CPU.ActiveCfg = Release|Any CPU
		{FA53CD3C-E576-4CA1-ADBA-755F684FB3F2}.Release|Any CPU.Build.0 = Release|Any CPU
		{5EC6AE25-963B-4D4C-9C4D-04B0562874EC}.Debug|Any CPU.ActiveCfg = Debug|Any CPU
		{5EC6AE25-963B-4D4C-9C4D-04B0562874EC}.Debug|Any CPU.Build.0 = Debug|Any CPU
		{5EC6AE25-963B-4D4C-9C4D-04B0562874EC}.Release|Any CPU.ActiveCfg = Release|Any CPU
		{5EC6AE25-963B-4D4C-9C4D-04B0562874EC}.Release|Any CPU.Build.0 = Release|Any CPU
	EndGlobalSection
	GlobalSection(SolutionProperties) = preSolution
		HideSolutionNode = FALSE
	EndGlobalSection
	GlobalSection(ExtensibilityGlobals) = postSolution
		SolutionGuid = {9A8ACAEC-C83F-4636-B8AD-133B141773DC}
	EndGlobalSection
EndGlobal
